
Microsoft Visual Studio Solution File, Format Version 12.00
# Visual Studio 15
VisualStudioVersion = 15.0.27130.2026
MinimumVisualStudioVersion = 10.0.40219.1
Project("{FAE04EC0-301F-11D3-BF4B-00C04F79EFBC}") = "legalpro cuestionarios", "legalpro cuestionarios\legalpro cuestionarios.csproj", "{5CC2D141-4C16-4CCF-B8AC-A44DFD89C193}"
EndProject
Global
	GlobalSection(SolutionConfigurationPlatforms) = preSolution
		Debug|Any CPU = Debug|Any CPU
		Release|Any CPU = Release|Any CPU
	EndGlobalSection
	GlobalSection(ProjectConfigurationPlatforms) = postSolution
		{5CC2D141-4C16-4CCF-B8AC-A44DFD89C193}.Debug|Any CPU.ActiveCfg = Debug|Any CPU
		{5CC2D141-4C16-4CCF-B8AC-A44DFD89C193}.Debug|Any CPU.Build.0 = Debug|Any CPU
		{5CC2D141-4C16-4CCF-B8AC-A44DFD89C193}.Debug|Any CPU.Deploy.0 = Debug|Any CPU
		{5CC2D141-4C16-4CCF-B8AC-A44DFD89C193}.Release|Any CPU.ActiveCfg = Release|Any CPU
		{5CC2D141-4C16-4CCF-B8AC-A44DFD89C193}.Release|Any CPU.Build.0 = Release|Any CPU
		{5CC2D141-4C16-4CCF-B8AC-A44DFD89C193}.Release|Any CPU.Deploy.0 = Release|Any CPU
	EndGlobalSection
	GlobalSection(SolutionProperties) = preSolution
		HideSolutionNode = FALSE
	EndGlobalSection
	GlobalSection(ExtensibilityGlobals) = postSolution
		SolutionGuid = {8AC3943A-4D8D-4B42-A2BA-08DDC43C6B42}
	EndGlobalSection
EndGlobal
